
Microsoft Visual Studio Solution File, Format Version 12.00
# Visual Studio Version 16
VisualStudioVersion = 16.0.31112.23
MinimumVisualStudioVersion = 10.0.40219.1
Project("{FAE04EC0-301F-11D3-BF4B-00C04F79EFBC}") = "UnitFundamental", "UnitFundamental.csproj", "{4021DF56-EEAE-4620-B8FF-8AC232AC7B3E}"
EndProject
Project("{FAE04EC0-301F-11D3-BF4B-00C04F79EFBC}") = "UnitFundamental.UnitTest", "..\UnitFundamental.UnitTest\UnitFundamental.UnitTest.csproj", "{BF9E6D63-A6AF-4E9C-9297-98AEC3A402B3}"
EndProject
Global
	GlobalSection(SolutionConfigurationPlatforms) = preSolution
		Debug|Any CPU = Debug|Any CPU
		Release|Any CPU = Release|Any CPU
	EndGlobalSection
	GlobalSection(ProjectConfigurationPlatforms) = postSolution
		{4021DF56-EEAE-4620-B8FF-8AC232AC7B3E}.Debug|Any CPU.ActiveCfg = Debug|Any CPU
		{4021DF56-EEAE-4620-B8FF-8AC232AC7B3E}.Debug|Any CPU.Build.0 = Debug|Any CPU
		{4021DF56-EEAE-4620-B8FF-8AC232AC7B3E}.Release|Any CPU.ActiveCfg = Release|Any CPU
		{4021DF56-EEAE-4620-B8FF-8AC232AC7B3E}.Release|Any CPU.Build.0 = Release|Any CPU
		{BF9E6D63-A6AF-4E9C-9297-98AEC3A402B3}.Debug|Any CPU.ActiveCfg = Debug|Any CPU
		{BF9E6D63-A6AF-4E9C-9297-98AEC3A402B3}.Debug|Any CPU.Build.0 = Debug|Any CPU
		{BF9E6D63-A6AF-4E9C-9297-98AEC3A402B3}.Release|Any CPU.ActiveCfg = Release|Any CPU
		{BF9E6D63-A6AF-4E9C-9297-98AEC3A402B3}.Release|Any CPU.Build.0 = Release|Any CPU
	EndGlobalSection
	GlobalSection(SolutionProperties) = preSolution
		HideSolutionNode = FALSE
	EndGlobalSection
	GlobalSection(ExtensibilityGlobals) = postSolution
		SolutionGuid = {D778C78D-F22D-4C6D-815F-BBE8E4E6C4BF}
	EndGlobalSection
EndGlobal
